
Microsoft Visual Studio Solution File, Format Version 11.00
# Visual Studio 2010
Project("{FAE04EC0-301F-11D3-BF4B-00C04F79EFBC}") = "Atom", "Atom\Atom.csproj", "{A9930A55-D080-4507-905B-177201BE81BC}"
EndProject
Project("{FAE04EC0-301F-11D3-BF4B-00C04F79EFBC}") = "Nodes", "Nodes\Nodes.csproj", "{85826930-C707-418B-BFFE-8B8E16B06B29}"
EndProject
Project("{2150E333-8FDC-42A3-9474-1A3956D46DE8}") = "Additional Files", "Additional Files", "{C673F883-05C8-43C2-90A8-417E03E37D82}"
	ProjectSection(SolutionItems) = preProject
		Atom\bin\system\function.atm = Atom\bin\system\function.atm
		Atom\bin\system\io.atm = Atom\bin\system\io.atm
		Atom\bin\system\iteration.atm = Atom\bin\system\iteration.atm
		Atom\bin\system\list.atm = Atom\bin\system\list.atm
		Atom\bin\system\math.atm = Atom\bin\system\math.atm
		Atom\bin\system\miscellaneous.atm = Atom\bin\system\miscellaneous.atm
		Atom\bin\Script.cs = Atom\bin\Script.cs
		Atom\bin\system\stack.atm = Atom\bin\system\stack.atm
		Atom\bin\system\system.atm = Atom\bin\system\system.atm
		Atom\bin\Test.atm = Atom\bin\Test.atm
		Atom\bin\system\text.atm = Atom\bin\system\text.atm
	EndProjectSection
EndProject
Project("{FAE04EC0-301F-11D3-BF4B-00C04F79EFBC}") = "Engine", "Engine\Engine.csproj", "{E333A01E-1674-4865-B674-43CD98FD27C5}"
EndProject
Global
	GlobalSection(SolutionConfigurationPlatforms) = preSolution
		Debug|Any CPU = Debug|Any CPU
		Release|Any CPU = Release|Any CPU
	EndGlobalSection
	GlobalSection(ProjectConfigurationPlatforms) = postSolution
		{A9930A55-D080-4507-905B-177201BE81BC}.Debug|Any CPU.ActiveCfg = Debug|Any CPU
		{A9930A55-D080-4507-905B-177201BE81BC}.Debug|Any CPU.Build.0 = Debug|Any CPU
		{A9930A55-D080-4507-905B-177201BE81BC}.Release|Any CPU.ActiveCfg = Release|Any CPU
		{A9930A55-D080-4507-905B-177201BE81BC}.Release|Any CPU.Build.0 = Release|Any CPU
		{85826930-C707-418B-BFFE-8B8E16B06B29}.Debug|Any CPU.ActiveCfg = Debug|Any CPU
		{85826930-C707-418B-BFFE-8B8E16B06B29}.Debug|Any CPU.Build.0 = Debug|Any CPU
		{85826930-C707-418B-BFFE-8B8E16B06B29}.Release|Any CPU.ActiveCfg = Release|Any CPU
		{85826930-C707-418B-BFFE-8B8E16B06B29}.Release|Any CPU.Build.0 = Release|Any CPU
		{E333A01E-1674-4865-B674-43CD98FD27C5}.Debug|Any CPU.ActiveCfg = Debug|Any CPU
		{E333A01E-1674-4865-B674-43CD98FD27C5}.Debug|Any CPU.Build.0 = Debug|Any CPU
		{E333A01E-1674-4865-B674-43CD98FD27C5}.Release|Any CPU.ActiveCfg = Release|Any CPU
		{E333A01E-1674-4865-B674-43CD98FD27C5}.Release|Any CPU.Build.0 = Release|Any CPU
	EndGlobalSection
	GlobalSection(SolutionProperties) = preSolution
		HideSolutionNode = FALSE
	EndGlobalSection
	GlobalSection(ExtensibilityGlobals) = postSolution
		CodeStyleEnforcer_Active = -1
		CodeStyleEnforcer_RulesLocation = 0
	EndGlobalSection
EndGlobal
